lockfileVersion: '6.0'

settings:
  autoInstallPeers: true
  excludeLinksFromLockfile: false

devDependencies:
  '@sentry/integrations':
    specifier: ^7.108.0
    version: 7.108.0
  '@sentry/node':
    specifier: ^7.108.0
    version: 7.108.0
  '@sentry/tracing':
    specifier: ^7.108.0
    version: 7.108.0

packages:

  /@sentry-internal/tracing@7.108.0:
    resolution: {integrity: sha512-zuK5XsTsb+U+hgn3SPetYDAogrXsM16U/LLoMW7+TlC6UjlHGYQvmX3o+M2vntejoU1QZS8m1bCAZSMWEypAEw==}
    engines: {node: '>=8'}
    dependencies:
      '@sentry/core': 7.108.0
      '@sentry/types': 7.108.0
      '@sentry/utils': 7.108.0
    dev: true

  /@sentry/core@7.108.0:
    resolution: {integrity: sha512-I/VNZCFgLASxHZaD0EtxZRM34WG9w2gozqgrKGNMzAymwmQ3K9g/1qmBy4e6iS3YRptb7J5UhQkZQHrcwBbjWQ==}
    engines: {node: '>=8'}
    dependencies:
      '@sentry/types': 7.108.0
      '@sentry/utils': 7.108.0
    dev: true

  /@sentry/integrations@7.108.0:
    resolution: {integrity: sha512-b/WbK1f3x2rQ4aJJSA4VSwpBXrXFm1Nzrca3Y9qW0MI1wjZEYsDDrh9m6ulLdVBl4YDc2VqYp1COwU/NjuHlog==}
    engines: {node: '>=8'}
    dependencies:
      '@sentry/core': 7.108.0
      '@sentry/types': 7.108.0
      '@sentry/utils': 7.108.0
      localforage: 1.10.0
    dev: true

  /@sentry/node@7.108.0:
    resolution: {integrity: sha512-pMxc9txnDDkU4Z8k2Uw/DPSLPehNtWV3mjJ3+my0AMORGYrXLkJI93tddlE5z/7k+GEJdj1HsOLgxUN0OU+HGA==}
    engines: {node: '>=8'}
    dependencies:
      '@sentry-internal/tracing': 7.108.0
      '@sentry/core': 7.108.0
      '@sentry/types': 7.108.0
      '@sentry/utils': 7.108.0
    dev: true

  /@sentry/tracing@7.108.0:
    resolution: {integrity: sha512-wfAEEK1pa/PieFjVHv7Li4z280WcL+1Eg4tL8xN8/yq1oPFHLhjOmWRvKN9cm818N8ntZIFB0jGLu4ETM5jDCw==}
    engines: {node: '>=8'}
    dependencies:
      '@sentry-internal/tracing': 7.108.0
    dev: true

  /@sentry/types@7.108.0:
    resolution: {integrity: sha512-bKtHITmBN3kqtqE5eVvL8mY8znM05vEodENwRpcm6TSrrBjC2RnwNWVwGstYDdHpNfFuKwC8mLY9bgMJcENo8g==}
    engines: {node: '>=8'}
    dev: true

  /@sentry/utils@7.108.0:
    resolution: {integrity: sha512-a45yEFD5qtgZaIFRAcFkG8C8lnDzn6t4LfLXuV4OafGAy/3ZAN3XN8wDnrruHkiUezSSANGsLg3bXaLW/JLvJw==}
    engines: {node: '>=8'}
    dependencies:
      '@sentry/types': 7.108.0
    dev: true

  /immediate@3.0.6:
    resolution: {integrity: sha512-XXOFtyqDjNDAQxVfYxuF7g9Il/IbWmmlQg2MYKOH8ExIT1qg6xc4zyS3HaEEATgs1btfzxq15ciUiY7gjSXRGQ==}
    dev: true

  /lie@3.1.1:
    resolution: {integrity: sha512-RiNhHysUjhrDQntfYSfY4MU24coXXdEOgw9WGcKHNeEwffDYbF//u87M1EWaMGzuFoSbqW0C9C6lEEhDOAswfw==}
    dependencies:
      immediate: 3.0.6
    dev: true

  /localforage@1.10.0:
    resolution: {integrity: sha512-14/H1aX7hzBBmmh7sGPd+AOMkkIrHM3Z1PAyGgZigA1H1p5O5ANnMyWzvpAETtG68/dC4pC0ncy3+PPGzXZHPg==}
    dependencies:
      lie: 3.1.1
    dev: true
